
Microsoft Visual Studio Solution File, Format Version 12.00
# Visual Studio Version 17
VisualStudioVersion = 17.3.32825.248
MinimumVisualStudioVersion = 10.0.40219.1
Project("{FAE04EC0-301F-11D3-BF4B-00C04F79EFBC}") = "cv11", "cv11\cv11.csproj", "{48FCB3F1-4AD6-4884-A678-123F4EB2F431}"
EndProject
Global
	GlobalSection(SolutionConfigurationPlatforms) = preSolution
		Debug|Any CPU = Debug|Any CPU
		Release|Any CPU = Release|Any CPU
	EndGlobalSection
	GlobalSection(ProjectConfigurationPlatforms) = postSolution
		{48FCB3F1-4AD6-4884-A678-123F4EB2F431}.Debug|Any CPU.ActiveCfg = Debug|Any CPU
		{48FCB3F1-4AD6-4884-A678-123F4EB2F431}.Debug|Any CPU.Build.0 = Debug|Any CPU
		{48FCB3F1-4AD6-4884-A678-123F4EB2F431}.Release|Any CPU.ActiveCfg = Release|Any CPU
		{48FCB3F1-4AD6-4884-A678-123F4EB2F431}.Release|Any CPU.Build.0 = Release|Any CPU
	EndGlobalSection
	GlobalSection(SolutionProperties) = preSolution
		HideSolutionNode = FALSE
	EndGlobalSection
	GlobalSection(ExtensibilityGlobals) = postSolution
		SolutionGuid = {806262B2-C436-49E9-885E-D95DDDBA966F}
	EndGlobalSection
EndGlobal
